
Microsoft Visual Studio Solution File, Format Version 12.00
# Visual Studio Version 16
VisualStudioVersion = 16.0.30717.126
MinimumVisualStudioVersion = 10.0.40219.1
Project("{E24C65DC-7377-472B-9ABA-BC803B73C61A}") = "AppVuelos", ".", "{A9C8DFF6-5CEA-44DF-983C-64647DD69874}"
	ProjectSection(WebsiteProperties) = preProject
		TargetFrameworkMoniker = ".NETFramework,Version%3Dv4.0"
		Debug.AspNetCompiler.VirtualPath = "/localhost_58627"
		Debug.AspNetCompiler.PhysicalPath = "..\AppVuelos\"
		Debug.AspNetCompiler.TargetPath = "PrecompiledWeb\localhost_58627\"
		Debug.AspNetCompiler.Updateable = "true"
		Debug.AspNetCompiler.ForceOverwrite = "true"
		Debug.AspNetCompiler.FixedNames = "false"
		Debug.AspNetCompiler.Debug = "True"
		Release.AspNetCompiler.VirtualPath = "/localhost_58627"
		Release.AspNetCompiler.PhysicalPath = "..\AppVuelos\"
		Release.AspNetCompiler.TargetPath = "PrecompiledWeb\localhost_58627\"
		Release.AspNetCompiler.Updateable = "true"
		Release.AspNetCompiler.ForceOverwrite = "true"
		Release.AspNetCompiler.FixedNames = "false"
		Release.AspNetCompiler.Debug = "False"
		VWDPort = "58627"
		SlnRelativePath = "..\AppVuelos\"
	EndProjectSection
EndProject
Global
	GlobalSection(SolutionConfigurationPlatforms) = preSolution
		Debug|Any CPU = Debug|Any CPU
	EndGlobalSection
	GlobalSection(ProjectConfigurationPlatforms) = postSolution
		{A9C8DFF6-5CEA-44DF-983C-64647DD69874}.Debug|Any CPU.ActiveCfg = Debug|Any CPU
		{A9C8DFF6-5CEA-44DF-983C-64647DD69874}.Debug|Any CPU.Build.0 = Debug|Any CPU
	EndGlobalSection
	GlobalSection(SolutionProperties) = preSolution
		HideSolutionNode = FALSE
	EndGlobalSection
	GlobalSection(ExtensibilityGlobals) = postSolution
		SolutionGuid = {510BAD48-2F53-4FCA-B8C7-B44A88CB1CB0}
	EndGlobalSection
EndGlobal
